{
  "name": "node",
  "version": "1.0.0",
  "lockfileVersion": 2,
  "requires": true,
  "packages": {
    "": {
      "name": "node",
      "version": "1.0.0",
      "license": "ISC",
      "dependencies": {
        "mime": "^3.0.0"
      },
      "devDependencies": {
        "supervisor": "^0.12.0"
      }
    },
    "node_modules/mime": {
      "version": "3.0.0",
      "resolved": "https://registry.npmmirror.com/mime/download/mime-3.0.0.tgz",
      "integrity": "sha1-s3RVDco6DBhEOwyVCmpY8ZMc96c=",
      "license": "MIT",
      "bin": {
        "mime": "cli.js"
      },
      "engines": {
        "node": ">=10.0.0"
      }
    },
    "node_modules/supervisor": {
      "version": "0.12.0",
      "resolved": "https://registry.npm.taobao.org/supervisor/download/supervisor-0.12.0.tgz",
      "integrity": "sha1-3n5jNwFbKRhRwQ81OMSn8EkX7ME=",
      "dev": true,
      "bin": {
        "node-supervisor": "lib/cli-wrapper.js",
        "supervisor": "lib/cli-wrapper.js"
      },
      "engines": {
        "node": ">=0.6.0"
      }
    }
  },
  "dependencies": {
    "mime": {
      "version": "3.0.0",
      "resolved": "https://registry.npmmirror.com/mime/download/mime-3.0.0.tgz",
      "integrity": "sha1-s3RVDco6DBhEOwyVCmpY8ZMc96c="
    },
    "supervisor": {
      "version": "0.12.0",
      "resolved": "https://registry.npm.taobao.org/supervisor/download/supervisor-0.12.0.tgz",
      "integrity": "sha1-3n5jNwFbKRhRwQ81OMSn8EkX7ME=",
      "dev": true
    }
  }
}
